
Microsoft Visual Studio Solution File, Format Version 12.00
# Visual Studio Version 16
VisualStudioVersion = 16.0.31702.278
MinimumVisualStudioVersion = 10.0.40219.1
Project("{FAE04EC0-301F-11D3-BF4B-00C04F79EFBC}") = "Kursova_robota_API", "Kursova_robota_API\Kursova_robota_API.csproj", "{A15B5AAA-3E66-468B-91F0-DDF01905BE25}"
EndProject
Global
	GlobalSection(SolutionConfigurationPlatforms) = preSolution
		Debug|Any CPU = Debug|Any CPU
		Release|Any CPU = Release|Any CPU
	EndGlobalSection
	GlobalSection(ProjectConfigurationPlatforms) = postSolution
		{A15B5AAA-3E66-468B-91F0-DDF01905BE25}.Debug|Any CPU.ActiveCfg = Debug|Any CPU
		{A15B5AAA-3E66-468B-91F0-DDF01905BE25}.Debug|Any CPU.Build.0 = Debug|Any CPU
		{A15B5AAA-3E66-468B-91F0-DDF01905BE25}.Release|Any CPU.ActiveCfg = Release|Any CPU
		{A15B5AAA-3E66-468B-91F0-DDF01905BE25}.Release|Any CPU.Build.0 = Release|Any CPU
	EndGlobalSection
	GlobalSection(SolutionProperties) = preSolution
		HideSolutionNode = FALSE
	EndGlobalSection
	GlobalSection(ExtensibilityGlobals) = postSolution
		SolutionGuid = {CF55D335-2758-4051-BAD8-DC2ABFC2DA3F}
	EndGlobalSection
EndGlobal
